// !$*UTF8*$!
{
	archiveVersion = 1;
	classes = {
	};
	objectVersion = 56;
	objects = {

/* Begin PBXBuildFile section */
		5EE7E4152C39D95600FC542B /* KasaMacApp.swift in Sources */ = {isa = PBXBuildFile; fileRef = 5EE7E4142C39D95600FC542B /* KasaMacApp.swift */; };
		5EE7E4172C39D95600FC542B /* ContentView.swift in Sources */ = {isa = PBXBuildFile; fileRef = 5EE7E4162C39D95600FC542B /* ContentView.swift */; };
		5EE7E4192C39D95700FC542B /* Assets.xcassets in Resources */ = {isa = PBXBuildFile; fileRef = 5EE7E4182C39D95700FC542B /* Assets.xcassets */; };
		5EE7E41C2C39D95700FC542B /* Preview Assets.xcassets in Resources */ = {isa = PBXBuildFile; fileRef = 5EE7E41B2C39D95700FC542B /* Preview Assets.xcassets */; };
		5EE7E4252C39D9C700FC542B /* plug.py in Resources */ = {isa = PBXBuildFile; fileRef = 5EE7E4242C39D9C700FC542B /* plug.py */; };
		5EE7E4272C39D9D200FC542B /* power.py in Resources */ = {isa = PBXBuildFile; fileRef = 5EE7E4262C39D9D200FC542B /* power.py */; };
		5EE7E4292C39DBFF00FC542B /* PythonRunner.swift in Sources */ = {isa = PBXBuildFile; fileRef = 5EE7E4282C39DBFF00FC542B /* PythonRunner.swift */; };
		5EE7E42C2C39DC3300FC542B /* PythonKit in Frameworks */ = {isa = PBXBuildFile; productRef = 5EE7E42B2C39DC3300FC542B /* PythonKit */; };
		5EE7E42E2C39F1F600FC542B /* PlugRowView.swift in Sources */ = {isa = PBXBuildFile; fileRef = 5EE7E42D2C39F1F600FC542B /* PlugRowView.swift */; };
/* End PBXBuildFile section */

/* Begin PBXFileReference section */
		5EE7E4112C39D95600FC542B /* KasaMac.app */ = {isa = PBXFileReference; explicitFileType = wrapper.application; includeInIndex = 0; path = KasaMac.app; sourceTree = BUILT_PRODUCTS_DIR; };
		5EE7E4142C39D95600FC542B /* KasaMacApp.swift */ = {isa = PBXFileReference; lastKnownFileType = sourcecode.swift; path = KasaMacApp.swift; sourceTree = "<group>"; };
		5EE7E4162C39D95600FC542B /* ContentView.swift */ = {isa = PBXFileReference; lastKnownFileType = sourcecode.swift; path = ContentView.swift; sourceTree = "<group>"; };
		5EE7E4182C39D95700FC542B /* Assets.xcassets */ = {isa = PBXFileReference; lastKnownFileType = folder.assetcatalog; path = Assets.xcassets; sourceTree = "<group>"; };
		5EE7E41B2C39D95700FC542B /* Preview Assets.xcassets */ = {isa = PBXFileReference; lastKnownFileType = folder.assetcatalog; path = "Preview Assets.xcassets"; sourceTree = "<group>"; };
		5EE7E41D2C39D95700FC542B /* KasaMac.entitlements */ = {isa = PBXFileReference; lastKnownFileType = text.plist.entitlements; path = KasaMac.entitlements; sourceTree = "<group>"; };
		5EE7E4242C39D9C700FC542B /* plug.py */ = {isa = PBXFileReference; lastKnownFileType = text.script.python; path = plug.py; sourceTree = "<group>"; };
		5EE7E4262C39D9D200FC542B /* power.py */ = {isa = PBXFileReference; lastKnownFileType = text.script.python; path = power.py; sourceTree = "<group>"; };
		5EE7E4282C39DBFF00FC542B /* PythonRunner.swift */ = {isa = PBXFileReference; lastKnownFileType = sourcecode.swift; path = PythonRunner.swift; sourceTree = "<group>"; };
		5EE7E42D2C39F1F600FC542B /* PlugRowView.swift */ = {isa = PBXFileReference; lastKnownFileType = sourcecode.swift; path = PlugRowView.swift; sourceTree = "<group>"; };
/* End PBXFileReference section */

/* Begin PBXFrameworksBuildPhase section */
		5EE7E40E2C39D95600FC542B /* Frameworks */ = {
			isa = PBXFrameworksBuildPhase;
			buildActionMask = 2147483647;
			files = (
				5EE7E42C2C39DC3300FC542B /* PythonKit in Frameworks */,
			);
			runOnlyForDeploymentPostprocessing = 0;
		};
/* End PBXFrameworksBuildPhase section */

/* Begin PBXGroup section */
		5EE7E4082C39D95600FC542B = {
			isa = PBXGroup;
			children = (
				5EE7E4132C39D95600FC542B /* KasaMac */,
				5EE7E4122C39D95600FC542B /* Products */,
			);
			sourceTree = "<group>";
		};
		5EE7E4122C39D95600FC542B /* Products */ = {
			isa = PBXGroup;
			children = (
				5EE7E4112C39D95600FC542B /* KasaMac.app */,
			);
			name = Products;
			sourceTree = "<group>";
		};
		5EE7E4132C39D95600FC542B /* KasaMac */ = {
			isa = PBXGroup;
			children = (
				5EE7E4242C39D9C700FC542B /* plug.py */,
				5EE7E4262C39D9D200FC542B /* power.py */,
				5EE7E4232C39D9AA00FC542B /* Python Files */,
				5EE7E4142C39D95600FC542B /* KasaMacApp.swift */,
				5EE7E4162C39D95600FC542B /* ContentView.swift */,
				5EE7E4182C39D95700FC542B /* Assets.xcassets */,
				5EE7E41D2C39D95700FC542B /* KasaMac.entitlements */,
				5EE7E41A2C39D95700FC542B /* Preview Content */,
				5EE7E4282C39DBFF00FC542B /* PythonRunner.swift */,
				5EE7E42D2C39F1F600FC542B /* PlugRowView.swift */,
			);
			path = KasaMac;
			sourceTree = "<group>";
		};
		5EE7E41A2C39D95700FC542B /* Preview Content */ = {
			isa = PBXGroup;
			children = (
				5EE7E41B2C39D95700FC542B /* Preview Assets.xcassets */,
			);
			path = "Preview Content";
			sourceTree = "<group>";
		};
		5EE7E4232C39D9AA00FC542B /* Python Files */ = {
			isa = PBXGroup;
			children = (
			);
			path = "Python Files";
			sourceTree = "<group>";
		};
/* End PBXGroup section */

/* Begin PBXNativeTarget section */
		5EE7E4102C39D95600FC542B /* KasaMac */ = {
			isa = PBXNativeTarget;
			buildConfigurationList = 5EE7E4202C39D95700FC542B /* Build configuration list for PBXNativeTarget "KasaMac" */;
			buildPhases = (
				5EE7E40D2C39D95600FC542B /* Sources */,
				5EE7E40E2C39D95600FC542B /* Frameworks */,
				5EE7E40F2C39D95600FC542B /* Resources */,
			);
			buildRules = (
			);
			dependencies = (
			);
			name = KasaMac;
			packageProductDependencies = (
				5EE7E42B2C39DC3300FC542B /* PythonKit */,
			);
			productName = KasaMac;
			productReference = 5EE7E4112C39D95600FC542B /* KasaMac.app */;
			productType = "com.apple.product-type.application";
		};
/* End PBXNativeTarget section */

/* Begin PBXProject section */
		5EE7E4092C39D95600FC542B /* Project object */ = {
			isa = PBXProject;
			attributes = {
				BuildIndependentTargetsInParallel = 1;
				LastSwiftUpdateCheck = 1540;
				LastUpgradeCheck = 1540;
				TargetAttributes = {
					5EE7E4102C39D95600FC542B = {
						CreatedOnToolsVersion = 15.4;
					};
				};
			};
			buildConfigurationList = 5EE7E40C2C39D95600FC542B /* Build configuration list for PBXProject "KasaMac" */;
			compatibilityVersion = "Xcode 14.0";
			developmentRegion = en;
			hasScannedForEncodings = 0;
			knownRegions = (
				en,
				Base,
			);
			mainGroup = 5EE7E4082C39D95600FC542B;
			packageReferences = (
				5EE7E42A2C39DC3300FC542B /* XCRemoteSwiftPackageReference "PythonKit" */,
			);
			productRefGroup = 5EE7E4122C39D95600FC542B /* Products */;
			projectDirPath = "";
			projectRoot = "";
			targets = (
				5EE7E4102C39D95600FC542B /* KasaMac */,
			);
		};
/* End PBXProject section */

/* Begin PBXResourcesBuildPhase section */
		5EE7E40F2C39D95600FC542B /* Resources */ = {
			isa = PBXResourcesBuildPhase;
			buildActionMask = 2147483647;
			files = (
				5EE7E4272C39D9D200FC542B /* power.py in Resources */,
				5EE7E4252C39D9C700FC542B /* plug.py in Resources */,
				5EE7E41C2C39D95700FC542B /* Preview Assets.xcassets in Resources */,
				5EE7E4192C39D95700FC542B /* Assets.xcassets in Resources */,
			);
			runOnlyForDeploymentPostprocessing = 0;
		};
/* End PBXResourcesBuildPhase section */

/* Begin PBXSourcesBuildPhase section */
		5EE7E40D2C39D95600FC542B /* Sources */ = {
			isa = PBXSourcesBuildPhase;
			buildActionMask = 2147483647;
			files = (
				5EE7E4292C39DBFF00FC542B /* PythonRunner.swift in Sources */,
				5EE7E4172C39D95600FC542B /* ContentView.swift in Sources */,
				5EE7E4152C39D95600FC542B /* KasaMacApp.swift in Sources */,
				5EE7E42E2C39F1F600FC542B /* PlugRowView.swift in Sources */,
			);
			runOnlyForDeploymentPostprocessing = 0;
		};
/* End PBXSourcesBuildPhase section */

/* Begin XCBuildConfiguration section */
		5EE7E41E2C39D95700FC542B /* Debug */ = {
			isa = XCBuildConfiguration;
			buildSettings = {
				ALWAYS_SEARCH_USER_PATHS = NO;
				ASSETCATALOG_COMPILER_GENERATE_SWIFT_ASSET_SYMBOL_EXTENSIONS = YES;
				CLANG_ANALYZER_NONNULL = YES;
				CLANG_ANALYZER_NUMBER_OBJECT_CONVERSION = YES_AGGRESSIVE;
				CLANG_CXX_LANGUAGE_STANDARD = "gnu++20";
				CLANG_ENABLE_MODULES = YES;
				CLANG_ENABLE_OBJC_ARC = YES;
				CLANG_ENABLE_OBJC_WEAK = YES;
				CLANG_WARN_BLOCK_CAPTURE_AUTORELEASING = YES;
				CLANG_WARN_BOOL_CONVERSION = YES;
				CLANG_WARN_COMMA = YES;
				CLANG_WARN_CONSTANT_CONVERSION = YES;
				CLANG_WARN_DEPRECATED_OBJC_IMPLEMENTATIONS = YES;
				CLANG_WARN_DIRECT_OBJC_ISA_USAGE = YES_ERROR;
				CLANG_WARN_DOCUMENTATION_COMMENTS = YES;
				CLANG_WARN_EMPTY_BODY = YES;
				CLANG_WARN_ENUM_CONVERSION = YES;
				CLANG_WARN_INFINITE_RECURSION = YES;
				CLANG_WARN_INT_CONVERSION = YES;
				CLANG_WARN_NON_LITERAL_NULL_CONVERSION = YES;
				CLANG_WARN_OBJC_IMPLICIT_RETAIN_SELF = YES;
				CLANG_WARN_OBJC_LITERAL_CONVERSION = YES;
				CLANG_WARN_OBJC_ROOT_CLASS = YES_ERROR;
				CLANG_WARN_QUOTED_INCLUDE_IN_FRAMEWORK_HEADER = YES;
				CLANG_WARN_RANGE_LOOP_ANALYSIS = YES;
				CLANG_WARN_STRICT_PROTOTYPES = YES;
				CLANG_WARN_SUSPICIOUS_MOVE = YES;
				CLANG_WARN_UNGUARDED_AVAILABILITY = YES_AGGRESSIVE;
				CLANG_WARN_UNREACHABLE_CODE = YES;
				CLANG_WARN__DUPLICATE_METHOD_MATCH = YES;
				COPY_PHASE_STRIP = NO;
				DEBUG_INFORMATION_FORMAT = dwarf;
				ENABLE_STRICT_OBJC_MSGSEND = YES;
				ENABLE_TESTABILITY = YES;
				ENABLE_USER_SCRIPT_SANDBOXING = YES;
				GCC_C_LANGUAGE_STANDARD = gnu17;
				GCC_DYNAMIC_NO_PIC = NO;
				GCC_NO_COMMON_BLOCKS = YES;
				GCC_OPTIMIZATION_LEVEL = 0;
				GCC_PREPROCESSOR_DEFINITIONS = (
					"DEBUG=1",
					"$(inherited)",
				);
				GCC_WARN_64_TO_32_BIT_CONVERSION = YES;
				GCC_WARN_ABOUT_RETURN_TYPE = YES_ERROR;
				GCC_WARN_UNDECLARED_SELECTOR = YES;
				GCC_WARN_UNINITIALIZED_AUTOS = YES_AGGRESSIVE;
				GCC_WARN_UNUSED_FUNCTION = YES;
				GCC_WARN_UNUSED_VARIABLE = YES;
				LOCALIZATION_PREFERS_STRING_CATALOGS = YES;
				MACOSX_DEPLOYMENT_TARGET = 14.5;
				MTL_ENABLE_DEBUG_INFO = INCLUDE_SOURCE;
				MTL_FAST_MATH = YES;
				ONLY_ACTIVE_ARCH = YES;
				SDKROOT = macosx;
				SWIFT_ACTIVE_COMPILATION_CONDITIONS = "DEBUG $(inherited)";
				SWIFT_OPTIMIZATION_LEVEL = "-Onone";
			};
			name = Debug;
		};
		5EE7E41F2C39D95700FC542B /* Release */ = {
			isa = XCBuildConfiguration;
			buildSettings = {
				ALWAYS_SEARCH_USER_PATHS = NO;
				ASSETCATALOG_COMPILER_GENERATE_SWIFT_ASSET_SYMBOL_EXTENSIONS = YES;
				CLANG_ANALYZER_NONNULL = YES;
				CLANG_ANALYZER_NUMBER_OBJECT_CONVERSION = YES_AGGRESSIVE;
				CLANG_CXX_LANGUAGE_STANDARD = "gnu++20";
				CLANG_ENABLE_MODULES = YES;
				CLANG_ENABLE_OBJC_ARC = YES;
				CLANG_ENABLE_OBJC_WEAK = YES;
				CLANG_WARN_BLOCK_CAPTURE_AUTORELEASING = YES;
				CLANG_WARN_BOOL_CONVERSION = YES;
				CLANG_WARN_COMMA = YES;
				CLANG_WARN_CONSTANT_CONVERSION = YES;
				CLANG_WARN_DEPRECATED_OBJC_IMPLEMENTATIONS = YES;
				CLANG_WARN_DIRECT_OBJC_ISA_USAGE = YES_ERROR;
				CLANG_WARN_DOCUMENTATION_COMMENTS = YES;
				CLANG_WARN_EMPTY_BODY = YES;
				CLANG_WARN_ENUM_CONVERSION = YES;
				CLANG_WARN_INFINITE_RECURSION = YES;
				CLANG_WARN_INT_CONVERSION = YES;
				CLANG_WARN_NON_LITERAL_NULL_CONVERSION = YES;
				CLANG_WARN_OBJC_IMPLICIT_RETAIN_SELF = YES;
				CLANG_WARN_OBJC_LITERAL_CONVERSION = YES;
				CLANG_WARN_OBJC_ROOT_CLASS = YES_ERROR;
				CLANG_WARN_QUOTED_INCLUDE_IN_FRAMEWORK_HEADER = YES;
				CLANG_WARN_RANGE_LOOP_ANALYSIS = YES;
				CLANG_WARN_STRICT_PROTOTYPES = YES;
				CLANG_WARN_SUSPICIOUS_MOVE = YES;
				CLANG_WARN_UNGUARDED_AVAILABILITY = YES_AGGRESSIVE;
				CLANG_WARN_UNREACHABLE_CODE = YES;
				CLANG_WARN__DUPLICATE_METHOD_MATCH = YES;
				COPY_PHASE_STRIP = NO;
				DEBUG_INFORMATION_FORMAT = "dwarf-with-dsym";
				ENABLE_NS_ASSERTIONS = NO;
				ENABLE_STRICT_OBJC_MSGSEND = YES;
				ENABLE_USER_SCRIPT_SANDBOXING = YES;
				GCC_C_LANGUAGE_STANDARD = gnu17;
				GCC_NO_COMMON_BLOCKS = YES;
				GCC_WARN_64_TO_32_BIT_CONVERSION = YES;
				GCC_WARN_ABOUT_RETURN_TYPE = YES_ERROR;
				GCC_WARN_UNDECLARED_SELECTOR = YES;
				GCC_WARN_UNINITIALIZED_AUTOS = YES_AGGRESSIVE;
				GCC_WARN_UNUSED_FUNCTION = YES;
				GCC_WARN_UNUSED_VARIABLE = YES;
				LOCALIZATION_PREFERS_STRING_CATALOGS = YES;
				MACOSX_DEPLOYMENT_TARGET = 14.5;
				MTL_ENABLE_DEBUG_INFO = NO;
				MTL_FAST_MATH = YES;
				SDKROOT = macosx;
				SWIFT_COMPILATION_MODE = wholemodule;
			};
			name = Release;
		};
		5EE7E4212C39D95700FC542B /* Debug */ = {
			isa = XCBuildConfiguration;
			buildSettings = {
				ASSETCATALOG_COMPILER_APPICON_NAME = AppIcon;
				ASSETCATALOG_COMPILER_GLOBAL_ACCENT_COLOR_NAME = AccentColor;
				CODE_SIGN_ENTITLEMENTS = KasaMac/KasaMac.entitlements;
				CODE_SIGN_STYLE = Automatic;
				COMBINE_HIDPI_IMAGES = YES;
				CURRENT_PROJECT_VERSION = 1;
				DEVELOPMENT_ASSET_PATHS = "\"KasaMac/Preview Content\"";
				DEVELOPMENT_TEAM = P4N95549U3;
				ENABLE_HARDENED_RUNTIME = NO;
				ENABLE_PREVIEWS = YES;
				GENERATE_INFOPLIST_FILE = YES;
				INFOPLIST_KEY_NSHumanReadableCopyright = "";
				LD_RUNPATH_SEARCH_PATHS = (
					"$(inherited)",
					"@executable_path/../Frameworks",
				);
				MARKETING_VERSION = 1.0;
				PRODUCT_BUNDLE_IDENTIFIER = me.KasaMac;
				PRODUCT_NAME = "$(TARGET_NAME)";
				SWIFT_EMIT_LOC_STRINGS = YES;
				SWIFT_VERSION = 5.0;
			};
			name = Debug;
		};
		5EE7E4222C39D95700FC542B /* Release */ = {
			isa = XCBuildConfiguration;
			buildSettings = {
				ASSETCATALOG_COMPILER_APPICON_NAME = AppIcon;
				ASSETCATALOG_COMPILER_GLOBAL_ACCENT_COLOR_NAME = AccentColor;
				CODE_SIGN_ENTITLEMENTS = KasaMac/KasaMac.entitlements;
				CODE_SIGN_STYLE = Automatic;
				COMBINE_HIDPI_IMAGES = YES;
				CURRENT_PROJECT_VERSION = 1;
				DEVELOPMENT_ASSET_PATHS = "\"KasaMac/Preview Content\"";
				DEVELOPMENT_TEAM = P4N95549U3;
				ENABLE_HARDENED_RUNTIME = NO;
				ENABLE_PREVIEWS = YES;
				GENERATE_INFOPLIST_FILE = YES;
				INFOPLIST_KEY_NSHumanReadableCopyright = "";
				LD_RUNPATH_SEARCH_PATHS = (
					"$(inherited)",
					"@executable_path/../Frameworks",
				);
				MARKETING_VERSION = 1.0;
				PRODUCT_BUNDLE_IDENTIFIER = me.KasaMac;
				PRODUCT_NAME = "$(TARGET_NAME)";
				SWIFT_EMIT_LOC_STRINGS = YES;
				SWIFT_VERSION = 5.0;
			};
			name = Release;
		};
/* End XCBuildConfiguration section */

/* Begin XCConfigurationList section */
		5EE7E40C2C39D95600FC542B /* Build configuration list for PBXProject "KasaMac" */ = {
			isa = XCConfigurationList;
			buildConfigurations = (
				5EE7E41E2C39D95700FC542B /* Debug */,
				5EE7E41F2C39D95700FC542B /* Release */,
			);
			defaultConfigurationIsVisible = 0;
			defaultConfigurationName = Release;
		};
		5EE7E4202C39D95700FC542B /* Build configuration list for PBXNativeTarget "KasaMac" */ = {
			isa = XCConfigurationList;
			buildConfigurations = (
				5EE7E4212C39D95700FC542B /* Debug */,
				5EE7E4222C39D95700FC542B /* Release */,
			);
			defaultConfigurationIsVisible = 0;
			defaultConfigurationName = Release;
		};
/* End XCConfigurationList section */

/* Begin XCRemoteSwiftPackageReference section */
		5EE7E42A2C39DC3300FC542B /* XCRemoteSwiftPackageReference "PythonKit" */ = {
			isa = XCRemoteSwiftPackageReference;
			repositoryURL = "https://github.com/pvieito/PythonKit";
			requirement = {
				branch = master;
				kind = branch;
			};
		};
/* End XCRemoteSwiftPackageReference section */

/* Begin XCSwiftPackageProductDependency section */
		5EE7E42B2C39DC3300FC542B /* PythonKit */ = {
			isa = XCSwiftPackageProductDependency;
			package = 5EE7E42A2C39DC3300FC542B /* XCRemoteSwiftPackageReference "PythonKit" */;
			productName = PythonKit;
		};
/* End XCSwiftPackageProductDependency section */
	};
	rootObject = 5EE7E4092C39D95600FC542B /* Project object */;
}
